
Microsoft Visual Studio Solution File, Format Version 12.00
# Visual Studio 2013
VisualStudioVersion = 12.0.31101.0
MinimumVisualStudioVersion = 10.0.40219.1
Project("{FAE04EC0-301F-11D3-BF4B-00C04F79EFBC}") = "AzureBlobStorageSync", "AzureBlobStorageSync\AzureBlobStorageSync.csproj", "{3B73E8ED-231A-439D-ABBD-C8CECBC60B26}"
EndProject
Project("{FAE04EC0-301F-11D3-BF4B-00C04F79EFBC}") = "AzureBlobStorageRestore", "AzureBlobStorageRestore\AzureBlobStorageRestore.csproj", "{B689CD6F-7000-42E0-AFA2-C8F18DCE5508}"
EndProject
Project("{FAE04EC0-301F-11D3-BF4B-00C04F79EFBC}") = "AzureBlobStorageHelper", "AzureBlobStorageHelper\AzureBlobStorageHelper.csproj", "{F0187AEA-53A2-401E-B62E-7ADFFA175C18}"
EndProject
Global
	GlobalSection(SolutionConfigurationPlatforms) = preSolution
		Debug|Any CPU = Debug|Any CPU
		Release|Any CPU = Release|Any CPU
	EndGlobalSection
	GlobalSection(ProjectConfigurationPlatforms) = postSolution
		{3B73E8ED-231A-439D-ABBD-C8CECBC60B26}.Debug|Any CPU.ActiveCfg = Debug|Any CPU
		{3B73E8ED-231A-439D-ABBD-C8CECBC60B26}.Debug|Any CPU.Build.0 = Debug|Any CPU
		{3B73E8ED-231A-439D-ABBD-C8CECBC60B26}.Release|Any CPU.ActiveCfg = Release|Any CPU
		{3B73E8ED-231A-439D-ABBD-C8CECBC60B26}.Release|Any CPU.Build.0 = Release|Any CPU
		{B689CD6F-7000-42E0-AFA2-C8F18DCE5508}.Debug|Any CPU.ActiveCfg = Debug|Any CPU
		{B689CD6F-7000-42E0-AFA2-C8F18DCE5508}.Debug|Any CPU.Build.0 = Debug|Any CPU
		{B689CD6F-7000-42E0-AFA2-C8F18DCE5508}.Release|Any CPU.ActiveCfg = Release|Any CPU
		{B689CD6F-7000-42E0-AFA2-C8F18DCE5508}.Release|Any CPU.Build.0 = Release|Any CPU
		{F0187AEA-53A2-401E-B62E-7ADFFA175C18}.Debug|Any CPU.ActiveCfg = Debug|Any CPU
		{F0187AEA-53A2-401E-B62E-7ADFFA175C18}.Debug|Any CPU.Build.0 = Debug|Any CPU
		{F0187AEA-53A2-401E-B62E-7ADFFA175C18}.Release|Any CPU.ActiveCfg = Release|Any CPU
		{F0187AEA-53A2-401E-B62E-7ADFFA175C18}.Release|Any CPU.Build.0 = Release|Any CPU
	EndGlobalSection
	GlobalSection(SolutionProperties) = preSolution
		HideSolutionNode = FALSE
	EndGlobalSection
EndGlobal
